// !$*UTF8*$!
{
	archiveVersion = 1;
	classes = {
	};
	objectVersion = 46;
	objects = {

/* Begin PBXBuildFile section */
		113667E91A470D56C3F1D5E2 /* Pods______.framework in Frameworks */ = {isa = PBXBuildFile; fileRef = F2BD831C3047CEAE3CACAFAE /* Pods______.framework */; };
		A44237481FB5842D003B3C64 /* AppDelegate.swift in Sources */ = {isa = PBXBuildFile; fileRef = A44237471FB5842D003B3C64 /* AppDelegate.swift */; };
		A442374A1FB5842D003B3C64 /* ViewController.swift in Sources */ = {isa = PBXBuildFile; fileRef = A44237491FB5842D003B3C64 /* ViewController.swift */; };
		A442374D1FB5842D003B3C64 /* Main.storyboard in Resources */ = {isa = PBXBuildFile; fileRef = A442374B1FB5842D003B3C64 /* Main.storyboard */; };
		A44237521FB5842D003B3C64 /* LaunchScreen.storyboard in Resources */ = {isa = PBXBuildFile; fileRef = A44237501FB5842D003B3C64 /* LaunchScreen.storyboard */; };
		A442375D1FB5842D003B3C64 /* _____Tests.swift in Sources */ = {isa = PBXBuildFile; fileRef = A442375C1FB5842D003B3C64 /* _____Tests.swift */; };
		A44237681FB5842D003B3C64 /* _____UITests.swift in Sources */ = {isa = PBXBuildFile; fileRef = A44237671FB5842D003B3C64 /* _____UITests.swift */; };
		A442377D1FB5858B003B3C64 /* Observable+ObjectMapper.swift in Sources */ = {isa = PBXBuildFile; fileRef = A442377B1FB5858B003B3C64 /* Observable+ObjectMapper.swift */; };
		A442377E1FB5858B003B3C64 /* SwiftyJSON.swift in Sources */ = {isa = PBXBuildFile; fileRef = A442377C1FB5858B003B3C64 /* SwiftyJSON.swift */; };
		A44237821FB5862F003B3C64 /* Toast.swift in Sources */ = {isa = PBXBuildFile; fileRef = A44237811FB5862F003B3C64 /* Toast.swift */; };
		A44237841FB58654003B3C64 /* LoginAPIRouter.swift in Sources */ = {isa = PBXBuildFile; fileRef = A44237831FB58654003B3C64 /* LoginAPIRouter.swift */; };
		A44237861FB586A2003B3C64 /* APIConfig.swift in Sources */ = {isa = PBXBuildFile; fileRef = A44237851FB586A2003B3C64 /* APIConfig.swift */; };
		A44237881FB58841003B3C64 /* ProjectConfig.swift in Sources */ = {isa = PBXBuildFile; fileRef = A44237871FB58841003B3C64 /* ProjectConfig.swift */; };
		A442378B1FB58D74003B3C64 /* Login.storyboard in Resources */ = {isa = PBXBuildFile; fileRef = A442378A1FB58D74003B3C64 /* Login.storyboard */; };
		A442378D1FB58DF1003B3C64 /* Images.xcassets in Resources */ = {isa = PBXBuildFile; fileRef = A442378C1FB58DF1003B3C64 /* Images.xcassets */; };
		A44237901FB58F16003B3C64 /* MainTabBarController.swift in Sources */ = {isa = PBXBuildFile; fileRef = A442378F1FB58F16003B3C64 /* MainTabBarController.swift */; };
		A44237921FB58F41003B3C64 /* MainNavigationController.swift in Sources */ = {isa = PBXBuildFile; fileRef = A44237911FB58F41003B3C64 /* MainNavigationController.swift */; };
		A44237961FB5918A003B3C64 /* UIColor + Extension.swift in Sources */ = {isa = PBXBuildFile; fileRef = A44237951FB5918A003B3C64 /* UIColor + Extension.swift */; };
		A44237981FB5947F003B3C64 /* UIImage+Extension.swift in Sources */ = {isa = PBXBuildFile; fileRef = A44237971FB5947F003B3C64 /* UIImage+Extension.swift */; };
/* End PBXBuildFile section */

/* Begin PBXContainerItemProxy section */
		A44237591FB5842D003B3C64 /* PBXContainerItemProxy */ = {
			isa = PBXContainerItemProxy;
			containerPortal = A442373C1FB5842D003B3C64 /* Project object */;
			proxyType = 1;
			remoteGlobalIDString = A44237431FB5842D003B3C64;
			remoteInfo = "晚餐共享会";
		};
		A44237641FB5842D003B3C64 /* PBXContainerItemProxy */ = {
			isa = PBXContainerItemProxy;
			containerPortal = A442373C1FB5842D003B3C64 /* Project object */;
			proxyType = 1;
			remoteGlobalIDString = A44237431FB5842D003B3C64;
			remoteInfo = "晚餐共享会";
		};
/* End PBXContainerItemProxy section */

/* Begin PBXFileReference section */
		A44237441FB5842D003B3C64 /* 晚餐共享会.app */ = {isa = PBXFileReference; explicitFileType = wrapper.application; includeInIndex = 0; path = "晚餐共享会.app"; sourceTree = BUILT_PRODUCTS_DIR; };
		A44237471FB5842D003B3C64 /* AppDelegate.swift */ = {isa = PBXFileReference; lastKnownFileType = sourcecode.swift; path = AppDelegate.swift; sourceTree = "<group>"; };
		A44237491FB5842D003B3C64 /* ViewController.swift */ = {isa = PBXFileReference; lastKnownFileType = sourcecode.swift; path = ViewController.swift; sourceTree = "<group>"; };
		A442374C1FB5842D003B3C64 /* Base */ = {isa = PBXFileReference; lastKnownFileType = file.storyboard; name = Base; path = Base.lproj/Main.storyboard; sourceTree = "<group>"; };
		A44237511FB5842D003B3C64 /* Base */ = {isa = PBXFileReference; lastKnownFileType = file.storyboard; name = Base; path = Base.lproj/LaunchScreen.storyboard; sourceTree = "<group>"; };
		A44237531FB5842D003B3C64 /* Info.plist */ = {isa = PBXFileReference; lastKnownFileType = text.plist.xml; path = Info.plist; sourceTree = "<group>"; };
		A44237581FB5842D003B3C64 /* 晚餐共享会Tests.xctest */ = {isa = PBXFileReference; explicitFileType = wrapper.cfbundle; includeInIndex = 0; path = "晚餐共享会Tests.xctest"; sourceTree = BUILT_PRODUCTS_DIR; };
		A442375C1FB5842D003B3C64 /* _____Tests.swift */ = {isa = PBXFileReference; lastKnownFileType = sourcecode.swift; path = "_____Tests.swift"; sourceTree = "<group>"; };
		A442375E1FB5842D003B3C64 /* Info.plist */ = {isa = PBXFileReference; lastKnownFileType = text.plist.xml; path = Info.plist; sourceTree = "<group>"; };
		A44237631FB5842D003B3C64 /* 晚餐共享会UITests.xctest */ = {isa = PBXFileReference; explicitFileType = wrapper.cfbundle; includeInIndex = 0; path = "晚餐共享会UITests.xctest"; sourceTree = BUILT_PRODUCTS_DIR; };
		A44237671FB5842D003B3C64 /* _____UITests.swift */ = {isa = PBXFileReference; lastKnownFileType = sourcecode.swift; path = "_____UITests.swift"; sourceTree = "<group>"; };
		A44237691FB5842D003B3C64 /* Info.plist */ = {isa = PBXFileReference; lastKnownFileType = text.plist.xml; path = Info.plist; sourceTree = "<group>"; };
		A442377B1FB5858B003B3C64 /* Observable+ObjectMapper.swift */ = {isa = PBXFileReference; fileEncoding = 4; lastKnownFileType = sourcecode.swift; path = "Observable+ObjectMapper.swift"; sourceTree = "<group>"; };
		A442377C1FB5858B003B3C64 /* SwiftyJSON.swift */ = {isa = PBXFileReference; fileEncoding = 4; lastKnownFileType = sourcecode.swift; path = SwiftyJSON.swift; sourceTree = "<group>"; };
		A44237811FB5862F003B3C64 /* Toast.swift */ = {isa = PBXFileReference; fileEncoding = 4; lastKnownFileType = sourcecode.swift; path = Toast.swift; sourceTree = "<group>"; };
		A44237831FB58654003B3C64 /* LoginAPIRouter.swift */ = {isa = PBXFileReference; fileEncoding = 4; lastKnownFileType = sourcecode.swift; path = LoginAPIRouter.swift; sourceTree = "<group>"; };
		A44237851FB586A2003B3C64 /* APIConfig.swift */ = {isa = PBXFileReference; fileEncoding = 4; lastKnownFileType = sourcecode.swift; path = APIConfig.swift; sourceTree = "<group>"; };
		A44237871FB58841003B3C64 /* ProjectConfig.swift */ = {isa = PBXFileReference; fileEncoding = 4; lastKnownFileType = sourcecode.swift; path = ProjectConfig.swift; sourceTree = "<group>"; };
		A442378A1FB58D74003B3C64 /* Login.storyboard */ = {isa = PBXFileReference; fileEncoding = 4; lastKnownFileType = file.storyboard; path = Login.storyboard; sourceTree = "<group>"; };
		A442378C1FB58DF1003B3C64 /* Images.xcassets */ = {isa = PBXFileReference; lastKnownFileType = folder.assetcatalog; path = Images.xcassets; sourceTree = "<group>"; };
		A442378F1FB58F16003B3C64 /* MainTabBarController.swift */ = {isa = PBXFileReference; fileEncoding = 4; lastKnownFileType = sourcecode.swift; path = MainTabBarController.swift; sourceTree = "<group>"; };
		A44237911FB58F41003B3C64 /* MainNavigationController.swift */ = {isa = PBXFileReference; fileEncoding = 4; lastKnownFileType = sourcecode.swift; path = MainNavigationController.swift; sourceTree = "<group>"; };
		A44237951FB5918A003B3C64 /* UIColor + Extension.swift */ = {isa = PBXFileReference; fileEncoding = 4; lastKnownFileType = sourcecode.swift; path = "UIColor + Extension.swift"; sourceTree = "<group>"; };
		A44237971FB5947F003B3C64 /* UIImage+Extension.swift */ = {isa = PBXFileReference; fileEncoding = 4; lastKnownFileType = sourcecode.swift; path = "UIImage+Extension.swift"; sourceTree = "<group>"; };
		A8D06B6DC01BFEED9DFE1C7D /* Pods-晚餐共享会.release.xcconfig */ = {isa = PBXFileReference; includeInIndex = 1; lastKnownFileType = text.xcconfig; name = "Pods-晚餐共享会.release.xcconfig"; path = "Pods/Target Support Files/Pods-晚餐共享会/Pods-晚餐共享会.release.xcconfig"; sourceTree = "<group>"; };
		CD02B6AE3D44DC3B7CFF06BA /* Pods-晚餐共享会.debug.xcconfig */ = {isa = PBXFileReference; includeInIndex = 1; lastKnownFileType = text.xcconfig; name = "Pods-晚餐共享会.debug.xcconfig"; path = "Pods/Target Support Files/Pods-晚餐共享会/Pods-晚餐共享会.debug.xcconfig"; sourceTree = "<group>"; };
		F2BD831C3047CEAE3CACAFAE /* Pods______.framework */ = {isa = PBXFileReference; explicitFileType = wrapper.framework; includeInIndex = 0; path = "Pods______.framework"; sourceTree = BUILT_PRODUCTS_DIR; };
/* End PBXFileReference section */

/* Begin PBXFrameworksBuildPhase section */
		A44237411FB5842D003B3C64 /* Frameworks */ = {
			isa = PBXFrameworksBuildPhase;
			buildActionMask = 2147483647;
			files = (
				113667E91A470D56C3F1D5E2 /* Pods______.framework in Frameworks */,
			);
			runOnlyForDeploymentPostprocessing = 0;
		};
		A44237551FB5842D003B3C64 /* Frameworks */ = {
			isa = PBXFrameworksBuildPhase;
			buildActionMask = 2147483647;
			files = (
			);
			runOnlyForDeploymentPostprocessing = 0;
		};
		A44237601FB5842D003B3C64 /* Frameworks */ = {
			isa = PBXFrameworksBuildPhase;
			buildActionMask = 2147483647;
			files = (
			);
			runOnlyForDeploymentPostprocessing = 0;
		};
/* End PBXFrameworksBuildPhase section */

/* Begin PBXGroup section */
		084AB7FF34A0617B8E03B80B /* Pods */ = {
			isa = PBXGroup;
			children = (
				CD02B6AE3D44DC3B7CFF06BA /* Pods-晚餐共享会.debug.xcconfig */,
				A8D06B6DC01BFEED9DFE1C7D /* Pods-晚餐共享会.release.xcconfig */,
			);
			name = Pods;
			sourceTree = "<group>";
		};
		2DB569BBB09E36BCD51E8AAE /* Frameworks */ = {
			isa = PBXGroup;
			children = (
				F2BD831C3047CEAE3CACAFAE /* Pods______.framework */,
			);
			name = Frameworks;
			sourceTree = "<group>";
		};
		A442373B1FB5842D003B3C64 = {
			isa = PBXGroup;
			children = (
				A44237461FB5842D003B3C64 /* 晚餐共享会 */,
				A442375B1FB5842D003B3C64 /* 晚餐共享会Tests */,
				A44237661FB5842D003B3C64 /* 晚餐共享会UITests */,
				A44237451FB5842D003B3C64 /* Products */,
				084AB7FF34A0617B8E03B80B /* Pods */,
				2DB569BBB09E36BCD51E8AAE /* Frameworks */,
			);
			sourceTree = "<group>";
		};
		A44237451FB5842D003B3C64 /* Products */ = {
			isa = PBXGroup;
			children = (
				A44237441FB5842D003B3C64 /* 晚餐共享会.app */,
				A44237581FB5842D003B3C64 /* 晚餐共享会Tests.xctest */,
				A44237631FB5842D003B3C64 /* 晚餐共享会UITests.xctest */,
			);
			name = Products;
			sourceTree = "<group>";
		};
		A44237461FB5842D003B3C64 /* 晚餐共享会 */ = {
			isa = PBXGroup;
			children = (
				A442378E1FB58EE5003B3C64 /* Main */,
				A44237891FB58D3B003B3C64 /* SoryBorad */,
				A44237801FB5860F003B3C64 /* Tools */,
				A44237471FB5842D003B3C64 /* AppDelegate.swift */,
				A44237491FB5842D003B3C64 /* ViewController.swift */,
				A44237751FB58577003B3C64 /* Login */,
				A442377A1FB58577003B3C64 /* NetwokingTools */,
				A44237501FB5842D003B3C64 /* LaunchScreen.storyboard */,
				A44237531FB5842D003B3C64 /* Info.plist */,
				A442378C1FB58DF1003B3C64 /* Images.xcassets */,
			);
			path = "晚餐共享会";
			sourceTree = "<group>";
		};
		A442375B1FB5842D003B3C64 /* 晚餐共享会Tests */ = {
			isa = PBXGroup;
			children = (
				A442375C1FB5842D003B3C64 /* _____Tests.swift */,
				A442375E1FB5842D003B3C64 /* Info.plist */,
			);
			path = "晚餐共享会Tests";
			sourceTree = "<group>";
		};
		A44237661FB5842D003B3C64 /* 晚餐共享会UITests */ = {
			isa = PBXGroup;
			children = (
				A44237671FB5842D003B3C64 /* _____UITests.swift */,
				A44237691FB5842D003B3C64 /* Info.plist */,
			);
			path = "晚餐共享会UITests";
			sourceTree = "<group>";
		};
		A44237751FB58577003B3C64 /* Login */ = {
			isa = PBXGroup;
			children = (
				A442377F1FB585CE003B3C64 /* LoginService */,
				A44237761FB58577003B3C64 /* Controller */,
				A44237771FB58577003B3C64 /* Model */,
				A44237781FB58577003B3C64 /* View */,
				A44237791FB58577003B3C64 /* ViewModel */,
			);
			path = Login;
			sourceTree = "<group>";
		};
		A44237761FB58577003B3C64 /* Controller */ = {
			isa = PBXGroup;
			children = (
			);
			path = Controller;
			sourceTree = "<group>";
		};
		A44237771FB58577003B3C64 /* Model */ = {
			isa = PBXGroup;
			children = (
			);
			path = Model;
			sourceTree = "<group>";
		};
		A44237781FB58577003B3C64 /* View */ = {
			isa = PBXGroup;
			children = (
			);
			path = View;
			sourceTree = "<group>";
		};
		A44237791FB58577003B3C64 /* ViewModel */ = {
			isa = PBXGroup;
			children = (
			);
			path = ViewModel;
			sourceTree = "<group>";
		};
		A442377A1FB58577003B3C64 /* NetwokingTools */ = {
			isa = PBXGroup;
			children = (
				A442377B1FB5858B003B3C64 /* Observable+ObjectMapper.swift */,
				A442377C1FB5858B003B3C64 /* SwiftyJSON.swift */,
				A44237851FB586A2003B3C64 /* APIConfig.swift */,
				A44237871FB58841003B3C64 /* ProjectConfig.swift */,
			);
			path = NetwokingTools;
			sourceTree = "<group>";
		};
		A442377F1FB585CE003B3C64 /* LoginService */ = {
			isa = PBXGroup;
			children = (
				A44237831FB58654003B3C64 /* LoginAPIRouter.swift */,
			);
			path = LoginService;
			sourceTree = "<group>";
		};
		A44237801FB5860F003B3C64 /* Tools */ = {
			isa = PBXGroup;
			children = (
				A44237811FB5862F003B3C64 /* Toast.swift */,
				A44237951FB5918A003B3C64 /* UIColor + Extension.swift */,
				A44237971FB5947F003B3C64 /* UIImage+Extension.swift */,
			);
			path = Tools;
			sourceTree = "<group>";
		};
		A44237891FB58D3B003B3C64 /* SoryBorad */ = {
			isa = PBXGroup;
			children = (
				A442378A1FB58D74003B3C64 /* Login.storyboard */,
				A442374B1FB5842D003B3C64 /* Main.storyboard */,
			);
			path = SoryBorad;
			sourceTree = "<group>";
		};
		A442378E1FB58EE5003B3C64 /* Main */ = {
			isa = PBXGroup;
			children = (
				A442378F1FB58F16003B3C64 /* MainTabBarController.swift */,
				A44237911FB58F41003B3C64 /* MainNavigationController.swift */,
			);
			path = Main;
			sourceTree = "<group>";
		};
/* End PBXGroup section */

/* Begin PBXNativeTarget section */
		A44237431FB5842D003B3C64 /* 晚餐共享会 */ = {
			isa = PBXNativeTarget;
			buildConfigurationList = A442376C1FB5842D003B3C64 /* Build configuration list for PBXNativeTarget "晚餐共享会" */;
			buildPhases = (
				36C77FF2CA0677C3C11119A6 /* [CP] Check Pods Manifest.lock */,
				A44237401FB5842D003B3C64 /* Sources */,
				A44237411FB5842D003B3C64 /* Frameworks */,
				A44237421FB5842D003B3C64 /* Resources */,
				647FA891A6AA4F8CD7BA5739 /* [CP] Embed Pods Frameworks */,
				589BB022086263278298F9E3 /* [CP] Copy Pods Resources */,
			);
			buildRules = (
			);
			dependencies = (
			);
			name = "晚餐共享会";
			productName = "晚餐共享会";
			productReference = A44237441FB5842D003B3C64 /* 晚餐共享会.app */;
			productType = "com.apple.product-type.application";
		};
		A44237571FB5842D003B3C64 /* 晚餐共享会Tests */ = {
			isa = PBXNativeTarget;
			buildConfigurationList = A442376F1FB5842D003B3C64 /* Build configuration list for PBXNativeTarget "晚餐共享会Tests" */;
			buildPhases = (
				A44237541FB5842D003B3C64 /* Sources */,
				A44237551FB5842D003B3C64 /* Frameworks */,
				A44237561FB5842D003B3C64 /* Resources */,
			);
			buildRules = (
			);
			dependencies = (
				A442375A1FB5842D003B3C64 /* PBXTargetDependency */,
			);
			name = "晚餐共享会Tests";
			productName = "晚餐共享会Tests";
			productReference = A44237581FB5842D003B3C64 /* 晚餐共享会Tests.xctest */;
			productType = "com.apple.product-type.bundle.unit-test";
		};
		A44237621FB5842D003B3C64 /* 晚餐共享会UITests */ = {
			isa = PBXNativeTarget;
			buildConfigurationList = A44237721FB5842D003B3C64 /* Build configuration list for PBXNativeTarget "晚餐共享会UITests" */;
			buildPhases = (
				A442375F1FB5842D003B3C64 /* Sources */,
				A44237601FB5842D003B3C64 /* Frameworks */,
				A44237611FB5842D003B3C64 /* Resources */,
			);
			buildRules = (
			);
			dependencies = (
				A44237651FB5842D003B3C64 /* PBXTargetDependency */,
			);
			name = "晚餐共享会UITests";
			productName = "晚餐共享会UITests";
			productReference = A44237631FB5842D003B3C64 /* 晚餐共享会UITests.xctest */;
			productType = "com.apple.product-type.bundle.ui-testing";
		};
/* End PBXNativeTarget section */

/* Begin PBXProject section */
		A442373C1FB5842D003B3C64 /* Project object */ = {
			isa = PBXProject;
			attributes = {
				LastSwiftUpdateCheck = 0830;
				LastUpgradeCheck = 0830;
				ORGANIZATIONNAME = "谭彪";
				TargetAttributes = {
					A44237431FB5842D003B3C64 = {
						CreatedOnToolsVersion = 8.3.3;
						DevelopmentTeam = W8ZBWMZ89E;
						ProvisioningStyle = Automatic;
					};
					A44237571FB5842D003B3C64 = {
						CreatedOnToolsVersion = 8.3.3;
						ProvisioningStyle = Automatic;
						TestTargetID = A44237431FB5842D003B3C64;
					};
					A44237621FB5842D003B3C64 = {
						CreatedOnToolsVersion = 8.3.3;
						ProvisioningStyle = Automatic;
						TestTargetID = A44237431FB5842D003B3C64;
					};
				};
			};
			buildConfigurationList = A442373F1FB5842D003B3C64 /* Build configuration list for PBXProject "晚餐共享会" */;
			compatibilityVersion = "Xcode 3.2";
			developmentRegion = English;
			hasScannedForEncodings = 0;
			knownRegions = (
				en,
				Base,
			);
			mainGroup = A442373B1FB5842D003B3C64;
			productRefGroup = A44237451FB5842D003B3C64 /* Products */;
			projectDirPath = "";
			projectRoot = "";
			targets = (
				A44237431FB5842D003B3C64 /* 晚餐共享会 */,
				A44237571FB5842D003B3C64 /* 晚餐共享会Tests */,
				A44237621FB5842D003B3C64 /* 晚餐共享会UITests */,
			);
		};
/* End PBXProject section */

/* Begin PBXResourcesBuildPhase section */
		A44237421FB5842D003B3C64 /* Resources */ = {
			isa = PBXResourcesBuildPhase;
			buildActionMask = 2147483647;
			files = (
				A442378B1FB58D74003B3C64 /* Login.storyboard in Resources */,
				A442378D1FB58DF1003B3C64 /* Images.xcassets in Resources */,
				A44237521FB5842D003B3C64 /* LaunchScreen.storyboard in Resources */,
				A442374D1FB5842D003B3C64 /* Main.storyboard in Resources */,
			);
			runOnlyForDeploymentPostprocessing = 0;
		};
		A44237561FB5842D003B3C64 /* Resources */ = {
			isa = PBXResourcesBuildPhase;
			buildActionMask = 2147483647;
			files = (
			);
			runOnlyForDeploymentPostprocessing = 0;
		};
		A44237611FB5842D003B3C64 /* Resources */ = {
			isa = PBXResourcesBuildPhase;
			buildActionMask = 2147483647;
			files = (
			);
			runOnlyForDeploymentPostprocessing = 0;
		};
/* End PBXResourcesBuildPhase section */

/* Begin PBXShellScriptBuildPhase section */
		36C77FF2CA0677C3C11119A6 /* [CP] Check Pods Manifest.lock */ = {
			isa = PBXShellScriptBuildPhase;
			buildActionMask = 2147483647;
			files = (
			);
			inputPaths = (
			);
			name = "[CP] Check Pods Manifest.lock";
			outputPaths = (
			);
			runOnlyForDeploymentPostprocessing = 0;
			shellPath = /bin/sh;
			shellScript = "diff \"${PODS_PODFILE_DIR_PATH}/Podfile.lock\" \"${PODS_ROOT}/Manifest.lock\" > /dev/null\nif [ $? != 0 ] ; then\n    # print error to STDERR\n    echo \"error: The sandbox is not in sync with the Podfile.lock. Run 'pod install' or update your CocoaPods installation.\" >&2\n    exit 1\nfi\n";
			showEnvVarsInLog = 0;
		};
		589BB022086263278298F9E3 /* [CP] Copy Pods Resources */ = {
			isa = PBXShellScriptBuildPhase;
			buildActionMask = 2147483647;
			files = (
			);
			inputPaths = (
			);
			name = "[CP] Copy Pods Resources";
			outputPaths = (
			);
			runOnlyForDeploymentPostprocessing = 0;
			shellPath = /bin/sh;
			shellScript = "\"${SRCROOT}/Pods/Target Support Files/Pods-晚餐共享会/Pods-晚餐共享会-resources.sh\"\n";
			showEnvVarsInLog = 0;
		};
		647FA891A6AA4F8CD7BA5739 /* [CP] Embed Pods Frameworks */ = {
			isa = PBXShellScriptBuildPhase;
			buildActionMask = 2147483647;
			files = (
			);
			inputPaths = (
			);
			name = "[CP] Embed Pods Frameworks";
			outputPaths = (
			);
			runOnlyForDeploymentPostprocessing = 0;
			shellPath = /bin/sh;
			shellScript = "\"${SRCROOT}/Pods/Target Support Files/Pods-晚餐共享会/Pods-晚餐共享会-frameworks.sh\"\n";
			showEnvVarsInLog = 0;
		};
/* End PBXShellScriptBuildPhase section */

/* Begin PBXSourcesBuildPhase section */
		A44237401FB5842D003B3C64 /* Sources */ = {
			isa = PBXSourcesBuildPhase;
			buildActionMask = 2147483647;
			files = (
				A442377D1FB5858B003B3C64 /* Observable+ObjectMapper.swift in Sources */,
				A442374A1FB5842D003B3C64 /* ViewController.swift in Sources */,
				A44237901FB58F16003B3C64 /* MainTabBarController.swift in Sources */,
				A44237981FB5947F003B3C64 /* UIImage+Extension.swift in Sources */,
				A44237821FB5862F003B3C64 /* Toast.swift in Sources */,
				A44237961FB5918A003B3C64 /* UIColor + Extension.swift in Sources */,
				A44237881FB58841003B3C64 /* ProjectConfig.swift in Sources */,
				A44237921FB58F41003B3C64 /* MainNavigationController.swift in Sources */,
				A44237481FB5842D003B3C64 /* AppDelegate.swift in Sources */,
				A44237841FB58654003B3C64 /* LoginAPIRouter.swift in Sources */,
				A442377E1FB5858B003B3C64 /* SwiftyJSON.swift in Sources */,
				A44237861FB586A2003B3C64 /* APIConfig.swift in Sources */,
			);
			runOnlyForDeploymentPostprocessing = 0;
		};
		A44237541FB5842D003B3C64 /* Sources */ = {
			isa = PBXSourcesBuildPhase;
			buildActionMask = 2147483647;
			files = (
				A442375D1FB5842D003B3C64 /* _____Tests.swift in Sources */,
			);
			runOnlyForDeploymentPostprocessing = 0;
		};
		A442375F1FB5842D003B3C64 /* Sources */ = {
			isa = PBXSourcesBuildPhase;
			buildActionMask = 2147483647;
			files = (
				A44237681FB5842D003B3C64 /* _____UITests.swift in Sources */,
			);
			runOnlyForDeploymentPostprocessing = 0;
		};
/* End PBXSourcesBuildPhase section */

/* Begin PBXTargetDependency section */
		A442375A1FB5842D003B3C64 /* PBXTargetDependency */ = {
			isa = PBXTargetDependency;
			target = A44237431FB5842D003B3C64 /* 晚餐共享会 */;
			targetProxy = A44237591FB5842D003B3C64 /* PBXContainerItemProxy */;
		};
		A44237651FB5842D003B3C64 /* PBXTargetDependency */ = {
			isa = PBXTargetDependency;
			target = A44237431FB5842D003B3C64 /* 晚餐共享会 */;
			targetProxy = A44237641FB5842D003B3C64 /* PBXContainerItemProxy */;
		};
/* End PBXTargetDependency section */

/* Begin PBXVariantGroup section */
		A442374B1FB5842D003B3C64 /* Main.storyboard */ = {
			isa = PBXVariantGroup;
			children = (
				A442374C1FB5842D003B3C64 /* Base */,
			);
			name = Main.storyboard;
			path = ..;
			sourceTree = "<group>";
		};
		A44237501FB5842D003B3C64 /* LaunchScreen.storyboard */ = {
			isa = PBXVariantGroup;
			children = (
				A44237511FB5842D003B3C64 /* Base */,
			);
			name = LaunchScreen.storyboard;
			sourceTree = "<group>";
		};
/* End PBXVariantGroup section */

/* Begin XCBuildConfiguration section */
		A442376A1FB5842D003B3C64 /* Debug */ = {
			isa = XCBuildConfiguration;
			buildSettings = {
				ALWAYS_SEARCH_USER_PATHS = NO;
				CLANG_ANALYZER_NONNULL = YES;
				CLANG_ANALYZER_NUMBER_OBJECT_CONVERSION = YES_AGGRESSIVE;
				CLANG_CXX_LANGUAGE_STANDARD = "gnu++0x";
				CLANG_CXX_LIBRARY = "libc++";
				CLANG_ENABLE_MODULES = YES;
				CLANG_ENABLE_OBJC_ARC = YES;
				CLANG_WARN_BOOL_CONVERSION = YES;
				CLANG_WARN_CONSTANT_CONVERSION = YES;
				CLANG_WARN_DIRECT_OBJC_ISA_USAGE = YES_ERROR;
				CLANG_WARN_DOCUMENTATION_COMMENTS = YES;
				CLANG_WARN_EMPTY_BODY = YES;
				CLANG_WARN_ENUM_CONVERSION = YES;
				CLANG_WARN_INFINITE_RECURSION = YES;
				CLANG_WARN_INT_CONVERSION = YES;
				CLANG_WARN_OBJC_ROOT_CLASS = YES_ERROR;
				CLANG_WARN_SUSPICIOUS_MOVE = YES;
				CLANG_WARN_UNREACHABLE_CODE = YES;
				CLANG_WARN__DUPLICATE_METHOD_MATCH = YES;
				"CODE_SIGN_IDENTITY[sdk=iphoneos*]" = "iPhone Developer";
				COPY_PHASE_STRIP = NO;
				DEBUG_INFORMATION_FORMAT = dwarf;
				ENABLE_STRICT_OBJC_MSGSEND = YES;
				ENABLE_TESTABILITY = YES;
				GCC_C_LANGUAGE_STANDARD = gnu99;
				GCC_DYNAMIC_NO_PIC = NO;
				GCC_NO_COMMON_BLOCKS = YES;
				GCC_OPTIMIZATION_LEVEL = 0;
				GCC_PREPROCESSOR_DEFINITIONS = (
					"DEBUG=1",
					"$(inherited)",
				);
				GCC_WARN_64_TO_32_BIT_CONVERSION = YES;
				GCC_WARN_ABOUT_RETURN_TYPE = YES_ERROR;
				GCC_WARN_UNDECLARED_SELECTOR = YES;
				GCC_WARN_UNINITIALIZED_AUTOS = YES_AGGRESSIVE;
				GCC_WARN_UNUSED_FUNCTION = YES;
				GCC_WARN_UNUSED_VARIABLE = YES;
				IPHONEOS_DEPLOYMENT_TARGET = 10.3;
				MTL_ENABLE_DEBUG_INFO = YES;
				ONLY_ACTIVE_ARCH = YES;
				SDKROOT = iphoneos;
				SWIFT_ACTIVE_COMPILATION_CONDITIONS = DEBUG;
				SWIFT_OPTIMIZATION_LEVEL = "-Onone";
				TARGETED_DEVICE_FAMILY = "1,2";
			};
			name = Debug;
		};
		A442376B1FB5842D003B3C64 /* Release */ = {
			isa = XCBuildConfiguration;
			buildSettings = {
				ALWAYS_SEARCH_USER_PATHS = NO;
				CLANG_ANALYZER_NONNULL = YES;
				CLANG_ANALYZER_NUMBER_OBJECT_CONVERSION = YES_AGGRESSIVE;
				CLANG_CXX_LANGUAGE_STANDARD = "gnu++0x";
				CLANG_CXX_LIBRARY = "libc++";
				CLANG_ENABLE_MODULES = YES;
				CLANG_ENABLE_OBJC_ARC = YES;
				CLANG_WARN_BOOL_CONVERSION = YES;
				CLANG_WARN_CONSTANT_CONVERSION = YES;
				CLANG_WARN_DIRECT_OBJC_ISA_USAGE = YES_ERROR;
				CLANG_WARN_DOCUMENTATION_COMMENTS = YES;
				CLANG_WARN_EMPTY_BODY = YES;
				CLANG_WARN_ENUM_CONVERSION = YES;
				CLANG_WARN_INFINITE_RECURSION = YES;
				CLANG_WARN_INT_CONVERSION = YES;
				CLANG_WARN_OBJC_ROOT_CLASS = YES_ERROR;
				CLANG_WARN_SUSPICIOUS_MOVE = YES;
				CLANG_WARN_UNREACHABLE_CODE = YES;
				CLANG_WARN__DUPLICATE_METHOD_MATCH = YES;
				"CODE_SIGN_IDENTITY[sdk=iphoneos*]" = "iPhone Developer";
				COPY_PHASE_STRIP = NO;
				DEBUG_INFORMATION_FORMAT = "dwarf-with-dsym";
				ENABLE_NS_ASSERTIONS = NO;
				ENABLE_STRICT_OBJC_MSGSEND = YES;
				GCC_C_LANGUAGE_STANDARD = gnu99;
				GCC_NO_COMMON_BLOCKS = YES;
				GCC_WARN_64_TO_32_BIT_CONVERSION = YES;
				GCC_WARN_ABOUT_RETURN_TYPE = YES_ERROR;
				GCC_WARN_UNDECLARED_SELECTOR = YES;
				GCC_WARN_UNINITIALIZED_AUTOS = YES_AGGRESSIVE;
				GCC_WARN_UNUSED_FUNCTION = YES;
				GCC_WARN_UNUSED_VARIABLE = YES;
				IPHONEOS_DEPLOYMENT_TARGET = 10.3;
				MTL_ENABLE_DEBUG_INFO = NO;
				SDKROOT = iphoneos;
				SWIFT_OPTIMIZATION_LEVEL = "-Owholemodule";
				TARGETED_DEVICE_FAMILY = "1,2";
				VALIDATE_PRODUCT = YES;
			};
			name = Release;
		};
		A442376D1FB5842D003B3C64 /* Debug */ = {
			isa = XCBuildConfiguration;
			baseConfigurationReference = CD02B6AE3D44DC3B7CFF06BA /* Pods-晚餐共享会.debug.xcconfig */;
			buildSettings = {
				ASSETCATALOG_COMPILER_APPICON_NAME = AppIcon;
				ASSETCATALOG_COMPILER_LAUNCHIMAGE_NAME = LaunchImage;
				DEVELOPMENT_TEAM = W8ZBWMZ89E;
				INFOPLIST_FILE = "晚餐共享会/Info.plist";
				IPHONEOS_DEPLOYMENT_TARGET = 8.0;
				LD_RUNPATH_SEARCH_PATHS = "$(inherited) @executable_path/Frameworks";
				PRODUCT_BUNDLE_IDENTIFIER = lewwei.StudyRxSwift;
				PRODUCT_NAME = "$(TARGET_NAME)";
				SWIFT_VERSION = 3.0;
			};
			name = Debug;
		};
		A442376E1FB5842D003B3C64 /* Release */ = {
			isa = XCBuildConfiguration;
			baseConfigurationReference = A8D06B6DC01BFEED9DFE1C7D /* Pods-晚餐共享会.release.xcconfig */;
			buildSettings = {
				ASSETCATALOG_COMPILER_APPICON_NAME = AppIcon;
				ASSETCATALOG_COMPILER_LAUNCHIMAGE_NAME = LaunchImage;
				DEVELOPMENT_TEAM = W8ZBWMZ89E;
				INFOPLIST_FILE = "晚餐共享会/Info.plist";
				IPHONEOS_DEPLOYMENT_TARGET = 8.0;
				LD_RUNPATH_SEARCH_PATHS = "$(inherited) @executable_path/Frameworks";
				PRODUCT_BUNDLE_IDENTIFIER = lewwei.StudyRxSwift;
				PRODUCT_NAME = "$(TARGET_NAME)";
				SWIFT_VERSION = 3.0;
			};
			name = Release;
		};
		A44237701FB5842D003B3C64 /* Debug */ = {
			isa = XCBuildConfiguration;
			buildSettings = {
				ALWAYS_EMBED_SWIFT_STANDARD_LIBRARIES = YES;
				BUNDLE_LOADER = "$(TEST_HOST)";
				INFOPLIST_FILE = "晚餐共享会Tests/Info.plist";
				LD_RUNPATH_SEARCH_PATHS = "$(inherited) @executable_path/Frameworks @loader_path/Frameworks";
				PRODUCT_BUNDLE_IDENTIFIER = "lewwei.-----Tests";
				PRODUCT_NAME = "$(TARGET_NAME)";
				SWIFT_VERSION = 3.0;
				TEST_HOST = "$(BUILT_PRODUCTS_DIR)/晚餐共享会.app/晚餐共享会";
			};
			name = Debug;
		};
		A44237711FB5842D003B3C64 /* Release */ = {
			isa = XCBuildConfiguration;
			buildSettings = {
				ALWAYS_EMBED_SWIFT_STANDARD_LIBRARIES = YES;
				BUNDLE_LOADER = "$(TEST_HOST)";
				INFOPLIST_FILE = "晚餐共享会Tests/Info.plist";
				LD_RUNPATH_SEARCH_PATHS = "$(inherited) @executable_path/Frameworks @loader_path/Frameworks";
				PRODUCT_BUNDLE_IDENTIFIER = "lewwei.-----Tests";
				PRODUCT_NAME = "$(TARGET_NAME)";
				SWIFT_VERSION = 3.0;
				TEST_HOST = "$(BUILT_PRODUCTS_DIR)/晚餐共享会.app/晚餐共享会";
			};
			name = Release;
		};
		A44237731FB5842D003B3C64 /* Debug */ = {
			isa = XCBuildConfiguration;
			buildSettings = {
				ALWAYS_EMBED_SWIFT_STANDARD_LIBRARIES = YES;
				INFOPLIST_FILE = "晚餐共享会UITests/Info.plist";
				LD_RUNPATH_SEARCH_PATHS = "$(inherited) @executable_path/Frameworks @loader_path/Frameworks";
				PRODUCT_BUNDLE_IDENTIFIER = "lewwei.-----UITests";
				PRODUCT_NAME = "$(TARGET_NAME)";
				SWIFT_VERSION = 3.0;
				TEST_TARGET_NAME = "晚餐共享会";
			};
			name = Debug;
		};
		A44237741FB5842D003B3C64 /* Release */ = {
			isa = XCBuildConfiguration;
			buildSettings = {
				ALWAYS_EMBED_SWIFT_STANDARD_LIBRARIES = YES;
				INFOPLIST_FILE = "晚餐共享会UITests/Info.plist";
				LD_RUNPATH_SEARCH_PATHS = "$(inherited) @executable_path/Frameworks @loader_path/Frameworks";
				PRODUCT_BUNDLE_IDENTIFIER = "lewwei.-----UITests";
				PRODUCT_NAME = "$(TARGET_NAME)";
				SWIFT_VERSION = 3.0;
				TEST_TARGET_NAME = "晚餐共享会";
			};
			name = Release;
		};
/* End XCBuildConfiguration section */

/* Begin XCConfigurationList section */
		A442373F1FB5842D003B3C64 /* Build configuration list for PBXProject "晚餐共享会" */ = {
			isa = XCConfigurationList;
			buildConfigurations = (
				A442376A1FB5842D003B3C64 /* Debug */,
				A442376B1FB5842D003B3C64 /* Release */,
			);
			defaultConfigurationIsVisible = 0;
			defaultConfigurationName = Release;
		};
		A442376C1FB5842D003B3C64 /* Build configuration list for PBXNativeTarget "晚餐共享会" */ = {
			isa = XCConfigurationList;
			buildConfigurations = (
				A442376D1FB5842D003B3C64 /* Debug */,
				A442376E1FB5842D003B3C64 /* Release */,
			);
			defaultConfigurationIsVisible = 0;
			defaultConfigurationName = Release;
		};
		A442376F1FB5842D003B3C64 /* Build configuration list for PBXNativeTarget "晚餐共享会Tests" */ = {
			isa = XCConfigurationList;
			buildConfigurations = (
				A44237701FB5842D003B3C64 /* Debug */,
				A44237711FB5842D003B3C64 /* Release */,
			);
			defaultConfigurationIsVisible = 0;
			defaultConfigurationName = Release;
		};
		A44237721FB5842D003B3C64 /* Build configuration list for PBXNativeTarget "晚餐共享会UITests" */ = {
			isa = XCConfigurationList;
			buildConfigurations = (
				A44237731FB5842D003B3C64 /* Debug */,
				A44237741FB5842D003B3C64 /* Release */,
			);
			defaultConfigurationIsVisible = 0;
			defaultConfigurationName = Release;
		};
/* End XCConfigurationList section */
	};
	rootObject = A442373C1FB5842D003B3C64 /* Project object */;
}
